{
  "name": "lin",
  "lockfileVersion": 3,
  "requires": true,
  "packages": {
    "": {
      "dependencies": {
        "@ctrl/tinycolor": "^4.0.3"
      }
    },
    "node_modules/@ctrl/tinycolor": {
      "version": "4.0.3",
      "resolved": "https://registry.npmjs.org/@ctrl/tinycolor/-/tinycolor-4.0.3.tgz",
      "integrity": "sha512-e9nEVehVJwkymQpkGhdSNzLT2Lr9UTTby+JePq4Z2SxBbOQjY7pLgSouAaXvfaGQVSAaY0U4eJdwfSDmCbItcw==",
      "engines": {
        "node": ">=14"
      }
    }
  }
}
